// !$*UTF8*$!
{
	archiveVersion = 1;
	classes = {
	};
	objectVersion = 50;
	objects = {

/* Begin PBXBuildFile section */
		B95FC00424B40FEA00D7DC1A /* AppDelegate.swift in Sources */ = {isa = PBXBuildFile; fileRef = B95FC00324B40FEA00D7DC1A /* AppDelegate.swift */; };
		B95FC00624B40FEA00D7DC1A /* SceneDelegate.swift in Sources */ = {isa = PBXBuildFile; fileRef = B95FC00524B40FEA00D7DC1A /* SceneDelegate.swift */; };
		B95FC00824B40FEA00D7DC1A /* ViewController.swift in Sources */ = {isa = PBXBuildFile; fileRef = B95FC00724B40FEA00D7DC1A /* ViewController.swift */; };
		B95FC00B24B40FEA00D7DC1A /* Main.storyboard in Resources */ = {isa = PBXBuildFile; fileRef = B95FC00924B40FEA00D7DC1A /* Main.storyboard */; };
		B95FC00D24B40FEC00D7DC1A /* Assets.xcassets in Resources */ = {isa = PBXBuildFile; fileRef = B95FC00C24B40FEC00D7DC1A /* Assets.xcassets */; };
		B95FC01024B40FEC00D7DC1A /* LaunchScreen.storyboard in Resources */ = {isa = PBXBuildFile; fileRef = B95FC00E24B40FEC00D7DC1A /* LaunchScreen.storyboard */; };
		B95FC01B24B40FEC00D7DC1A /* Swifty_CalculatorTests.swift in Sources */ = {isa = PBXBuildFile; fileRef = B95FC01A24B40FEC00D7DC1A /* Swifty_CalculatorTests.swift */; };
/* End PBXBuildFile section */

/* Begin PBXContainerItemProxy section */
		B95FC01724B40FEC00D7DC1A /* PBXContainerItemProxy */ = {
			isa = PBXContainerItemProxy;
			containerPortal = B95FBFF824B40FEA00D7DC1A /* Project object */;
			proxyType = 1;
			remoteGlobalIDString = B95FBFFF24B40FEA00D7DC1A;
			remoteInfo = "Swifty Calculator";
		};
/* End PBXContainerItemProxy section */

/* Begin PBXFileReference section */
		B95FC00024B40FEA00D7DC1A /* Swifty Calculator.app */ = {isa = PBXFileReference; explicitFileType = wrapper.application; includeInIndex = 0; path = "Swifty Calculator.app"; sourceTree = BUILT_PRODUCTS_DIR; };
		B95FC00324B40FEA00D7DC1A /* AppDelegate.swift */ = {isa = PBXFileReference; lastKnownFileType = sourcecode.swift; path = AppDelegate.swift; sourceTree = "<group>"; };
		B95FC00524B40FEA00D7DC1A /* SceneDelegate.swift */ = {isa = PBXFileReference; lastKnownFileType = sourcecode.swift; path = SceneDelegate.swift; sourceTree = "<group>"; };
		B95FC00724B40FEA00D7DC1A /* ViewController.swift */ = {isa = PBXFileReference; lastKnownFileType = sourcecode.swift; path = ViewController.swift; sourceTree = "<group>"; };
		B95FC00A24B40FEA00D7DC1A /* Base */ = {isa = PBXFileReference; lastKnownFileType = file.storyboard; name = Base; path = Base.lproj/Main.storyboard; sourceTree = "<group>"; };
		B95FC00C24B40FEC00D7DC1A /* Assets.xcassets */ = {isa = PBXFileReference; lastKnownFileType = folder.assetcatalog; path = Assets.xcassets; sourceTree = "<group>"; };
		B95FC00F24B40FEC00D7DC1A /* Base */ = {isa = PBXFileReference; lastKnownFileType = file.storyboard; name = Base; path = Base.lproj/LaunchScreen.storyboard; sourceTree = "<group>"; };
		B95FC01124B40FEC00D7DC1A /* Info.plist */ = {isa = PBXFileReference; lastKnownFileType = text.plist.xml; path = Info.plist; sourceTree = "<group>"; };
		B95FC01624B40FEC00D7DC1A /* Swifty CalculatorTests.xctest */ = {isa = PBXFileReference; explicitFileType = wrapper.cfbundle; includeInIndex = 0; path = "Swifty CalculatorTests.xctest"; sourceTree = BUILT_PRODUCTS_DIR; };
		B95FC01A24B40FEC00D7DC1A /* Swifty_CalculatorTests.swift */ = {isa = PBXFileReference; lastKnownFileType = sourcecode.swift; path = Swifty_CalculatorTests.swift; sourceTree = "<group>"; };
		B95FC01C24B40FEC00D7DC1A /* Info.plist */ = {isa = PBXFileReference; lastKnownFileType = text.plist.xml; path = Info.plist; sourceTree = "<group>"; };
/* End PBXFileReference section */

/* Begin PBXFrameworksBuildPhase section */
		B95FBFFD24B40FEA00D7DC1A /* Frameworks */ = {
			isa = PBXFrameworksBuildPhase;
			buildActionMask = 2147483647;
			files = (
			);
			runOnlyForDeploymentPostprocessing = 0;
		};
		B95FC01324B40FEC00D7DC1A /* Frameworks */ = {
			isa = PBXFrameworksBuildPhase;
			buildActionMask = 2147483647;
			files = (
			);
			runOnlyForDeploymentPostprocessing = 0;
		};
/* End PBXFrameworksBuildPhase section */

/* Begin PBXGroup section */
		B95FBFF724B40FEA00D7DC1A = {
			isa = PBXGroup;
			children = (
				B95FC00224B40FEA00D7DC1A /* Swifty Calculator */,
				B95FC01924B40FEC00D7DC1A /* Swifty CalculatorTests */,
				B95FC00124B40FEA00D7DC1A /* Products */,
			);
			sourceTree = "<group>";
		};
		B95FC00124B40FEA00D7DC1A /* Products */ = {
			isa = PBXGroup;
			children = (
				B95FC00024B40FEA00D7DC1A /* Swifty Calculator.app */,
				B95FC01624B40FEC00D7DC1A /* Swifty CalculatorTests.xctest */,
			);
			name = Products;
			sourceTree = "<group>";
		};
		B95FC00224B40FEA00D7DC1A /* Swifty Calculator */ = {
			isa = PBXGroup;
			children = (
				B95FC02824B55BDB00D7DC1A /* Model */,
				B95FC02524B55B9400D7DC1A /* Supporting Files */,
				B95FC02624B55BB700D7DC1A /* Controller */,
				B95FC02724B55BC600D7DC1A /* View */,
				B95FC01124B40FEC00D7DC1A /* Info.plist */,
			);
			path = "Swifty Calculator";
			sourceTree = "<group>";
		};
		B95FC01924B40FEC00D7DC1A /* Swifty CalculatorTests */ = {
			isa = PBXGroup;
			children = (
				B95FC01A24B40FEC00D7DC1A /* Swifty_CalculatorTests.swift */,
				B95FC01C24B40FEC00D7DC1A /* Info.plist */,
			);
			path = "Swifty CalculatorTests";
			sourceTree = "<group>";
		};
		B95FC02524B55B9400D7DC1A /* Supporting Files */ = {
			isa = PBXGroup;
			children = (
				B95FC00324B40FEA00D7DC1A /* AppDelegate.swift */,
				B95FC00524B40FEA00D7DC1A /* SceneDelegate.swift */,
				B95FC00C24B40FEC00D7DC1A /* Assets.xcassets */,
			);
			path = "Supporting Files";
			sourceTree = "<group>";
		};
		B95FC02624B55BB700D7DC1A /* Controller */ = {
			isa = PBXGroup;
			children = (
				B95FC00724B40FEA00D7DC1A /* ViewController.swift */,
			);
			path = Controller;
			sourceTree = "<group>";
		};
		B95FC02724B55BC600D7DC1A /* View */ = {
			isa = PBXGroup;
			children = (
				B95FC00924B40FEA00D7DC1A /* Main.storyboard */,
				B95FC00E24B40FEC00D7DC1A /* LaunchScreen.storyboard */,
			);
			path = View;
			sourceTree = "<group>";
		};
		B95FC02824B55BDB00D7DC1A /* Model */ = {
			isa = PBXGroup;
			children = (
			);
			path = Model;
			sourceTree = "<group>";
		};
/* End PBXGroup section */

/* Begin PBXNativeTarget section */
		B95FBFFF24B40FEA00D7DC1A /* Swifty Calculator */ = {
			isa = PBXNativeTarget;
			buildConfigurationList = B95FC01F24B40FEC00D7DC1A /* Build configuration list for PBXNativeTarget "Swifty Calculator" */;
			buildPhases = (
				B95FBFFC24B40FEA00D7DC1A /* Sources */,
				B95FBFFD24B40FEA00D7DC1A /* Frameworks */,
				B95FBFFE24B40FEA00D7DC1A /* Resources */,
			);
			buildRules = (
			);
			dependencies = (
			);
			name = "Swifty Calculator";
			productName = "Swifty Calculator";
			productReference = B95FC00024B40FEA00D7DC1A /* Swifty Calculator.app */;
			productType = "com.apple.product-type.application";
		};
		B95FC01524B40FEC00D7DC1A /* Swifty CalculatorTests */ = {
			isa = PBXNativeTarget;
			buildConfigurationList = B95FC02224B40FEC00D7DC1A /* Build configuration list for PBXNativeTarget "Swifty CalculatorTests" */;
			buildPhases = (
				B95FC01224B40FEC00D7DC1A /* Sources */,
				B95FC01324B40FEC00D7DC1A /* Frameworks */,
				B95FC01424B40FEC00D7DC1A /* Resources */,
			);
			buildRules = (
			);
			dependencies = (
				B95FC01824B40FEC00D7DC1A /* PBXTargetDependency */,
			);
			name = "Swifty CalculatorTests";
			productName = "Swifty CalculatorTests";
			productReference = B95FC01624B40FEC00D7DC1A /* Swifty CalculatorTests.xctest */;
			productType = "com.apple.product-type.bundle.unit-test";
		};
/* End PBXNativeTarget section */

/* Begin PBXProject section */
		B95FBFF824B40FEA00D7DC1A /* Project object */ = {
			isa = PBXProject;
			attributes = {
				LastSwiftUpdateCheck = 1150;
				LastUpgradeCheck = 1150;
				ORGANIZATIONNAME = "Akshay Ramesh";
				TargetAttributes = {
					B95FBFFF24B40FEA00D7DC1A = {
						CreatedOnToolsVersion = 11.5;
					};
					B95FC01524B40FEC00D7DC1A = {
						CreatedOnToolsVersion = 11.5;
						TestTargetID = B95FBFFF24B40FEA00D7DC1A;
					};
				};
			};
			buildConfigurationList = B95FBFFB24B40FEA00D7DC1A /* Build configuration list for PBXProject "Swifty Calculator" */;
			compatibilityVersion = "Xcode 9.3";
			developmentRegion = en;
			hasScannedForEncodings = 0;
			knownRegions = (
				en,
				Base,
			);
			mainGroup = B95FBFF724B40FEA00D7DC1A;
			productRefGroup = B95FC00124B40FEA00D7DC1A /* Products */;
			projectDirPath = "";
			projectRoot = "";
			targets = (
				B95FBFFF24B40FEA00D7DC1A /* Swifty Calculator */,
				B95FC01524B40FEC00D7DC1A /* Swifty CalculatorTests */,
			);
		};
/* End PBXProject section */

/* Begin PBXResourcesBuildPhase section */
		B95FBFFE24B40FEA00D7DC1A /* Resources */ = {
			isa = PBXResourcesBuildPhase;
			buildActionMask = 2147483647;
			files = (
				B95FC01024B40FEC00D7DC1A /* LaunchScreen.storyboard in Resources */,
				B95FC00D24B40FEC00D7DC1A /* Assets.xcassets in Resources */,
				B95FC00B24B40FEA00D7DC1A /* Main.storyboard in Resources */,
			);
			runOnlyForDeploymentPostprocessing = 0;
		};
		B95FC01424B40FEC00D7DC1A /* Resources */ = {
			isa = PBXResourcesBuildPhase;
			buildActionMask = 2147483647;
			files = (
			);
			runOnlyForDeploymentPostprocessing = 0;
		};
/* End PBXResourcesBuildPhase section */

/* Begin PBXSourcesBuildPhase section */
		B95FBFFC24B40FEA00D7DC1A /* Sources */ = {
			isa = PBXSourcesBuildPhase;
			buildActionMask = 2147483647;
			files = (
				B95FC00824B40FEA00D7DC1A /* ViewController.swift in Sources */,
				B95FC00424B40FEA00D7DC1A /* AppDelegate.swift in Sources */,
				B95FC00624B40FEA00D7DC1A /* SceneDelegate.swift in Sources */,
			);
			runOnlyForDeploymentPostprocessing = 0;
		};
		B95FC01224B40FEC00D7DC1A /* Sources */ = {
			isa = PBXSourcesBuildPhase;
			buildActionMask = 2147483647;
			files = (
				B95FC01B24B40FEC00D7DC1A /* Swifty_CalculatorTests.swift in Sources */,
			);
			runOnlyForDeploymentPostprocessing = 0;
		};
/* End PBXSourcesBuildPhase section */

/* Begin PBXTargetDependency section */
		B95FC01824B40FEC00D7DC1A /* PBXTargetDependency */ = {
			isa = PBXTargetDependency;
			target = B95FBFFF24B40FEA00D7DC1A /* Swifty Calculator */;
			targetProxy = B95FC01724B40FEC00D7DC1A /* PBXContainerItemProxy */;
		};
/* End PBXTargetDependency section */

/* Begin PBXVariantGroup section */
		B95FC00924B40FEA00D7DC1A /* Main.storyboard */ = {
			isa = PBXVariantGroup;
			children = (
				B95FC00A24B40FEA00D7DC1A /* Base */,
			);
			name = Main.storyboard;
			sourceTree = "<group>";
		};
		B95FC00E24B40FEC00D7DC1A /* LaunchScreen.storyboard */ = {
			isa = PBXVariantGroup;
			children = (
				B95FC00F24B40FEC00D7DC1A /* Base */,
			);
			name = LaunchScreen.storyboard;
			sourceTree = "<group>";
		};
/* End PBXVariantGroup section */

/* Begin XCBuildConfiguration section */
		B95FC01D24B40FEC00D7DC1A /* Debug */ = {
			isa = XCBuildConfiguration;
			buildSettings = {
				ALWAYS_SEARCH_USER_PATHS = NO;
				CLANG_ANALYZER_NONNULL = YES;
				CLANG_ANALYZER_NUMBER_OBJECT_CONVERSION = YES_AGGRESSIVE;
				CLANG_CXX_LANGUAGE_STANDARD = "gnu++14";
				CLANG_CXX_LIBRARY = "libc++";
				CLANG_ENABLE_MODULES = YES;
				CLANG_ENABLE_OBJC_ARC = YES;
				CLANG_ENABLE_OBJC_WEAK = YES;
				CLANG_WARN_BLOCK_CAPTURE_AUTORELEASING = YES;
				CLANG_WARN_BOOL_CONVERSION = YES;
				CLANG_WARN_COMMA = YES;
				CLANG_WARN_CONSTANT_CONVERSION = YES;
				CLANG_WARN_DEPRECATED_OBJC_IMPLEMENTATIONS = YES;
				CLANG_WARN_DIRECT_OBJC_ISA_USAGE = YES_ERROR;
				CLANG_WARN_DOCUMENTATION_COMMENTS = YES;
				CLANG_WARN_EMPTY_BODY = YES;
				CLANG_WARN_ENUM_CONVERSION = YES;
				CLANG_WARN_INFINITE_RECURSION = YES;
				CLANG_WARN_INT_CONVERSION = YES;
				CLANG_WARN_NON_LITERAL_NULL_CONVERSION = YES;
				CLANG_WARN_OBJC_IMPLICIT_RETAIN_SELF = YES;
				CLANG_WARN_OBJC_LITERAL_CONVERSION = YES;
				CLANG_WARN_OBJC_ROOT_CLASS = YES_ERROR;
				CLANG_WARN_RANGE_LOOP_ANALYSIS = YES;
				CLANG_WARN_STRICT_PROTOTYPES = YES;
				CLANG_WARN_SUSPICIOUS_MOVE = YES;
				CLANG_WARN_UNGUARDED_AVAILABILITY = YES_AGGRESSIVE;
				CLANG_WARN_UNREACHABLE_CODE = YES;
				CLANG_WARN__DUPLICATE_METHOD_MATCH = YES;
				COPY_PHASE_STRIP = NO;
				DEBUG_INFORMATION_FORMAT = dwarf;
				ENABLE_STRICT_OBJC_MSGSEND = YES;
				ENABLE_TESTABILITY = YES;
				GCC_C_LANGUAGE_STANDARD = gnu11;
				GCC_DYNAMIC_NO_PIC = NO;
				GCC_NO_COMMON_BLOCKS = YES;
				GCC_OPTIMIZATION_LEVEL = 0;
				GCC_PREPROCESSOR_DEFINITIONS = (
					"DEBUG=1",
					"$(inherited)",
				);
				GCC_WARN_64_TO_32_BIT_CONVERSION = YES;
				GCC_WARN_ABOUT_RETURN_TYPE = YES_ERROR;
				GCC_WARN_UNDECLARED_SELECTOR = YES;
				GCC_WARN_UNINITIALIZED_AUTOS = YES_AGGRESSIVE;
				GCC_WARN_UNUSED_FUNCTION = YES;
				GCC_WARN_UNUSED_VARIABLE = YES;
				IPHONEOS_DEPLOYMENT_TARGET = 13.5;
				MTL_ENABLE_DEBUG_INFO = INCLUDE_SOURCE;
				MTL_FAST_MATH = YES;
				ONLY_ACTIVE_ARCH = YES;
				SDKROOT = iphoneos;
				SWIFT_ACTIVE_COMPILATION_CONDITIONS = DEBUG;
				SWIFT_OPTIMIZATION_LEVEL = "-Onone";
			};
			name = Debug;
		};
		B95FC01E24B40FEC00D7DC1A /* Release */ = {
			isa = XCBuildConfiguration;
			buildSettings = {
				ALWAYS_SEARCH_USER_PATHS = NO;
				CLANG_ANALYZER_NONNULL = YES;
				CLANG_ANALYZER_NUMBER_OBJECT_CONVERSION = YES_AGGRESSIVE;
				CLANG_CXX_LANGUAGE_STANDARD = "gnu++14";
				CLANG_CXX_LIBRARY = "libc++";
				CLANG_ENABLE_MODULES = YES;
				CLANG_ENABLE_OBJC_ARC = YES;
				CLANG_ENABLE_OBJC_WEAK = YES;
				CLANG_WARN_BLOCK_CAPTURE_AUTORELEASING = YES;
				CLANG_WARN_BOOL_CONVERSION = YES;
				CLANG_WARN_COMMA = YES;
				CLANG_WARN_CONSTANT_CONVERSION = YES;
				CLANG_WARN_DEPRECATED_OBJC_IMPLEMENTATIONS = YES;
				CLANG_WARN_DIRECT_OBJC_ISA_USAGE = YES_ERROR;
				CLANG_WARN_DOCUMENTATION_COMMENTS = YES;
				CLANG_WARN_EMPTY_BODY = YES;
				CLANG_WARN_ENUM_CONVERSION = YES;
				CLANG_WARN_INFINITE_RECURSION = YES;
				CLANG_WARN_INT_CONVERSION = YES;
				CLANG_WARN_NON_LITERAL_NULL_CONVERSION = YES;
				CLANG_WARN_OBJC_IMPLICIT_RETAIN_SELF = YES;
				CLANG_WARN_OBJC_LITERAL_CONVERSION = YES;
				CLANG_WARN_OBJC_ROOT_CLASS = YES_ERROR;
				CLANG_WARN_RANGE_LOOP_ANALYSIS = YES;
				CLANG_WARN_STRICT_PROTOTYPES = YES;
				CLANG_WARN_SUSPICIOUS_MOVE = YES;
				CLANG_WARN_UNGUARDED_AVAILABILITY = YES_AGGRESSIVE;
				CLANG_WARN_UNREACHABLE_CODE = YES;
				CLANG_WARN__DUPLICATE_METHOD_MATCH = YES;
				COPY_PHASE_STRIP = NO;
				DEBUG_INFORMATION_FORMAT = "dwarf-with-dsym";
				ENABLE_NS_ASSERTIONS = NO;
				ENABLE_STRICT_OBJC_MSGSEND = YES;
				GCC_C_LANGUAGE_STANDARD = gnu11;
				GCC_NO_COMMON_BLOCKS = YES;
				GCC_WARN_64_TO_32_BIT_CONVERSION = YES;
				GCC_WARN_ABOUT_RETURN_TYPE = YES_ERROR;
				GCC_WARN_UNDECLARED_SELECTOR = YES;
				GCC_WARN_UNINITIALIZED_AUTOS = YES_AGGRESSIVE;
				GCC_WARN_UNUSED_FUNCTION = YES;
				GCC_WARN_UNUSED_VARIABLE = YES;
				IPHONEOS_DEPLOYMENT_TARGET = 13.5;
				MTL_ENABLE_DEBUG_INFO = NO;
				MTL_FAST_MATH = YES;
				SDKROOT = iphoneos;
				SWIFT_COMPILATION_MODE = wholemodule;
				SWIFT_OPTIMIZATION_LEVEL = "-O";
				VALIDATE_PRODUCT = YES;
			};
			name = Release;
		};
		B95FC02024B40FEC00D7DC1A /* Debug */ = {
			isa = XCBuildConfiguration;
			buildSettings = {
				ASSETCATALOG_COMPILER_APPICON_NAME = AppIcon;
				CODE_SIGN_STYLE = Automatic;
				DEVELOPMENT_TEAM = 94WH9ZZCLU;
				INFOPLIST_FILE = "Swifty Calculator/Info.plist";
				LD_RUNPATH_SEARCH_PATHS = (
					"$(inherited)",
					"@executable_path/Frameworks",
				);
				PRODUCT_BUNDLE_IDENTIFIER = "com.ramesh.akshay.Swifty-Calculator";
				PRODUCT_NAME = "$(TARGET_NAME)";
				SWIFT_VERSION = 5.0;
				TARGETED_DEVICE_FAMILY = "1,2";
			};
			name = Debug;
		};
		B95FC02124B40FEC00D7DC1A /* Release */ = {
			isa = XCBuildConfiguration;
			buildSettings = {
				ASSETCATALOG_COMPILER_APPICON_NAME = AppIcon;
				CODE_SIGN_STYLE = Automatic;
				DEVELOPMENT_TEAM = 94WH9ZZCLU;
				INFOPLIST_FILE = "Swifty Calculator/Info.plist";
				LD_RUNPATH_SEARCH_PATHS = (
					"$(inherited)",
					"@executable_path/Frameworks",
				);
				PRODUCT_BUNDLE_IDENTIFIER = "com.ramesh.akshay.Swifty-Calculator";
				PRODUCT_NAME = "$(TARGET_NAME)";
				SWIFT_VERSION = 5.0;
				TARGETED_DEVICE_FAMILY = "1,2";
			};
			name = Release;
		};
		B95FC02324B40FEC00D7DC1A /* Debug */ = {
			isa = XCBuildConfiguration;
			buildSettings = {
				ALWAYS_EMBED_SWIFT_STANDARD_LIBRARIES = YES;
				BUNDLE_LOADER = "$(TEST_HOST)";
				CODE_SIGN_STYLE = Automatic;
				DEVELOPMENT_TEAM = 94WH9ZZCLU;
				INFOPLIST_FILE = "Swifty CalculatorTests/Info.plist";
				IPHONEOS_DEPLOYMENT_TARGET = 13.5;
				LD_RUNPATH_SEARCH_PATHS = (
					"$(inherited)",
					"@executable_path/Frameworks",
					"@loader_path/Frameworks",
				);
				PRODUCT_BUNDLE_IDENTIFIER = "com.ramesh.akshay.Swifty-CalculatorTests";
				PRODUCT_NAME = "$(TARGET_NAME)";
				SWIFT_VERSION = 5.0;
				TARGETED_DEVICE_FAMILY = "1,2";
				TEST_HOST = "$(BUILT_PRODUCTS_DIR)/Swifty Calculator.app/Swifty Calculator";
			};
			name = Debug;
		};
		B95FC02424B40FEC00D7DC1A /* Release */ = {
			isa = XCBuildConfiguration;
			buildSettings = {
				ALWAYS_EMBED_SWIFT_STANDARD_LIBRARIES = YES;
				BUNDLE_LOADER = "$(TEST_HOST)";
				CODE_SIGN_STYLE = Automatic;
				DEVELOPMENT_TEAM = 94WH9ZZCLU;
				INFOPLIST_FILE = "Swifty CalculatorTests/Info.plist";
				IPHONEOS_DEPLOYMENT_TARGET = 13.5;
				LD_RUNPATH_SEARCH_PATHS = (
					"$(inherited)",
					"@executable_path/Frameworks",
					"@loader_path/Frameworks",
				);
				PRODUCT_BUNDLE_IDENTIFIER = "com.ramesh.akshay.Swifty-CalculatorTests";
				PRODUCT_NAME = "$(TARGET_NAME)";
				SWIFT_VERSION = 5.0;
				TARGETED_DEVICE_FAMILY = "1,2";
				TEST_HOST = "$(BUILT_PRODUCTS_DIR)/Swifty Calculator.app/Swifty Calculator";
			};
			name = Release;
		};
/* End XCBuildConfiguration section */

/* Begin XCConfigurationList section */
		B95FBFFB24B40FEA00D7DC1A /* Build configuration list for PBXProject "Swifty Calculator" */ = {
			isa = XCConfigurationList;
			buildConfigurations = (
				B95FC01D24B40FEC00D7DC1A /* Debug */,
				B95FC01E24B40FEC00D7DC1A /* Release */,
			);
			defaultConfigurationIsVisible = 0;
			defaultConfigurationName = Release;
		};
		B95FC01F24B40FEC00D7DC1A /* Build configuration list for PBXNativeTarget "Swifty Calculator" */ = {
			isa = XCConfigurationList;
			buildConfigurations = (
				B95FC02024B40FEC00D7DC1A /* Debug */,
				B95FC02124B40FEC00D7DC1A /* Release */,
			);
			defaultConfigurationIsVisible = 0;
			defaultConfigurationName = Release;
		};
		B95FC02224B40FEC00D7DC1A /* Build configuration list for PBXNativeTarget "Swifty CalculatorTests" */ = {
			isa = XCConfigurationList;
			buildConfigurations = (
				B95FC02324B40FEC00D7DC1A /* Debug */,
				B95FC02424B40FEC00D7DC1A /* Release */,
			);
			defaultConfigurationIsVisible = 0;
			defaultConfigurationName = Release;
		};
/* End XCConfigurationList section */
	};
	rootObject = B95FBFF824B40FEA00D7DC1A /* Project object */;
}
